// !$*UTF8*$!
{
	archiveVersion = 1;
	classes = {
	};
	objectVersion = 56;
	objects = {

/* Begin PBXBuildFile section */
		095AFB292D5C95F30078FD15 /* DoodleZipApp.swift in Sources */ = {isa = PBXBuildFile; fileRef = 095AFB282D5C95F30078FD15 /* DoodleZipApp.swift */; };
		095AFB2B2D5C95F30078FD15 /* ContentView.swift in Sources */ = {isa = PBXBuildFile; fileRef = 095AFB2A2D5C95F30078FD15 /* ContentView.swift */; };
		095AFB2D2D5C95F50078FD15 /* Assets.xcassets in Resources */ = {isa = PBXBuildFile; fileRef = 095AFB2C2D5C95F50078FD15 /* Assets.xcassets */; };
		095AFB302D5C95F50078FD15 /* Preview Assets.xcassets in Resources */ = {isa = PBXBuildFile; fileRef = 095AFB2F2D5C95F50078FD15 /* Preview Assets.xcassets */; };
		095AFBB42D65A7A20078FD15 /* ComposableArchitecture in Frameworks */ = {isa = PBXBuildFile; productRef = 095AFBB32D65A7A20078FD15 /* ComposableArchitecture */; };
		095AFBB72D65A7C60078FD15 /* Realm in Frameworks */ = {isa = PBXBuildFile; productRef = 095AFBB62D65A7C60078FD15 /* Realm */; };
		095AFBB92D65A7C60078FD15 /* RealmSwift in Frameworks */ = {isa = PBXBuildFile; productRef = 095AFBB82D65A7C60078FD15 /* RealmSwift */; };
		095AFBBF2D65A94A0078FD15 /* Note.swift in Sources */ = {isa = PBXBuildFile; fileRef = 095AFBBE2D65A94A0078FD15 /* Note.swift */; };
		095AFBC52D65A9F80078FD15 /* RealmClient.swift in Sources */ = {isa = PBXBuildFile; fileRef = 095AFBC42D65A9F80078FD15 /* RealmClient.swift */; };
/* End PBXBuildFile section */

/* Begin PBXFileReference section */
		095AFB252D5C95F30078FD15 /* DoodleZip.app */ = {isa = PBXFileReference; explicitFileType = wrapper.application; includeInIndex = 0; path = DoodleZip.app; sourceTree = BUILT_PRODUCTS_DIR; };
		095AFB282D5C95F30078FD15 /* DoodleZipApp.swift */ = {isa = PBXFileReference; lastKnownFileType = sourcecode.swift; path = DoodleZipApp.swift; sourceTree = "<group>"; };
		095AFB2A2D5C95F30078FD15 /* ContentView.swift */ = {isa = PBXFileReference; lastKnownFileType = sourcecode.swift; path = ContentView.swift; sourceTree = "<group>"; };
		095AFB2C2D5C95F50078FD15 /* Assets.xcassets */ = {isa = PBXFileReference; lastKnownFileType = folder.assetcatalog; path = Assets.xcassets; sourceTree = "<group>"; };
		095AFB2F2D5C95F50078FD15 /* Preview Assets.xcassets */ = {isa = PBXFileReference; lastKnownFileType = folder.assetcatalog; path = "Preview Assets.xcassets"; sourceTree = "<group>"; };
		095AFBBE2D65A94A0078FD15 /* Note.swift */ = {isa = PBXFileReference; lastKnownFileType = sourcecode.swift; path = Note.swift; sourceTree = "<group>"; };
		095AFBC42D65A9F80078FD15 /* RealmClient.swift */ = {isa = PBXFileReference; lastKnownFileType = sourcecode.swift; path = RealmClient.swift; sourceTree = "<group>"; };
/* End PBXFileReference section */

/* Begin PBXFrameworksBuildPhase section */
		095AFB222D5C95F30078FD15 /* Frameworks */ = {
			isa = PBXFrameworksBuildPhase;
			buildActionMask = 2147483647;
			files = (
				095AFBB92D65A7C60078FD15 /* RealmSwift in Frameworks */,
				095AFBB72D65A7C60078FD15 /* Realm in Frameworks */,
				095AFBB42D65A7A20078FD15 /* ComposableArchitecture in Frameworks */,
			);
			runOnlyForDeploymentPostprocessing = 0;
		};
/* End PBXFrameworksBuildPhase section */

/* Begin PBXGroup section */
		095AFB1C2D5C95F30078FD15 = {
			isa = PBXGroup;
			children = (
				095AFB272D5C95F30078FD15 /* DoodleZip */,
				095AFB262D5C95F30078FD15 /* Products */,
			);
			sourceTree = "<group>";
		};
		095AFB262D5C95F30078FD15 /* Products */ = {
			isa = PBXGroup;
			children = (
				095AFB252D5C95F30078FD15 /* DoodleZip.app */,
			);
			name = Products;
			sourceTree = "<group>";
		};
		095AFB272D5C95F30078FD15 /* DoodleZip */ = {
			isa = PBXGroup;
			children = (
				095AFBC32D65A9EA0078FD15 /* Realm */,
				095AFBBD2D65A93D0078FD15 /* Model */,
				095AFB282D5C95F30078FD15 /* DoodleZipApp.swift */,
				095AFB2A2D5C95F30078FD15 /* ContentView.swift */,
				095AFB2C2D5C95F50078FD15 /* Assets.xcassets */,
				095AFB2E2D5C95F50078FD15 /* Preview Content */,
			);
			path = DoodleZip;
			sourceTree = "<group>";
		};
		095AFB2E2D5C95F50078FD15 /* Preview Content */ = {
			isa = PBXGroup;
			children = (
				095AFB2F2D5C95F50078FD15 /* Preview Assets.xcassets */,
			);
			path = "Preview Content";
			sourceTree = "<group>";
		};
		095AFBBD2D65A93D0078FD15 /* Model */ = {
			isa = PBXGroup;
			children = (
				095AFBBE2D65A94A0078FD15 /* Note.swift */,
			);
			path = Model;
			sourceTree = "<group>";
		};
		095AFBC32D65A9EA0078FD15 /* Realm */ = {
			isa = PBXGroup;
			children = (
				095AFBC42D65A9F80078FD15 /* RealmClient.swift */,
			);
			path = Realm;
			sourceTree = "<group>";
		};
/* End PBXGroup section */

/* Begin PBXNativeTarget section */
		095AFB242D5C95F30078FD15 /* DoodleZip */ = {
			isa = PBXNativeTarget;
			buildConfigurationList = 095AFB332D5C95F50078FD15 /* Build configuration list for PBXNativeTarget "DoodleZip" */;
			buildPhases = (
				095AFB212D5C95F30078FD15 /* Sources */,
				095AFB222D5C95F30078FD15 /* Frameworks */,
				095AFB232D5C95F30078FD15 /* Resources */,
			);
			buildRules = (
			);
			dependencies = (
			);
			name = DoodleZip;
			packageProductDependencies = (
				095AFBB32D65A7A20078FD15 /* ComposableArchitecture */,
				095AFBB62D65A7C60078FD15 /* Realm */,
				095AFBB82D65A7C60078FD15 /* RealmSwift */,
			);
			productName = DoodleZip;
			productReference = 095AFB252D5C95F30078FD15 /* DoodleZip.app */;
			productType = "com.apple.product-type.application";
		};
/* End PBXNativeTarget section */

/* Begin PBXProject section */
		095AFB1D2D5C95F30078FD15 /* Project object */ = {
			isa = PBXProject;
			attributes = {
				BuildIndependentTargetsInParallel = 1;
				LastSwiftUpdateCheck = 1510;
				LastUpgradeCheck = 1510;
				TargetAttributes = {
					095AFB242D5C95F30078FD15 = {
						CreatedOnToolsVersion = 15.1;
					};
				};
			};
			buildConfigurationList = 095AFB202D5C95F30078FD15 /* Build configuration list for PBXProject "DoodleZip" */;
			compatibilityVersion = "Xcode 14.0";
			developmentRegion = en;
			hasScannedForEncodings = 0;
			knownRegions = (
				en,
				Base,
			);
			mainGroup = 095AFB1C2D5C95F30078FD15;
			packageReferences = (
				095AFBB22D65A7A20078FD15 /* XCRemoteSwiftPackageReference "swift-composable-architecture" */,
				095AFBB52D65A7C60078FD15 /* XCRemoteSwiftPackageReference "realm-swift" */,
			);
			productRefGroup = 095AFB262D5C95F30078FD15 /* Products */;
			projectDirPath = "";
			projectRoot = "";
			targets = (
				095AFB242D5C95F30078FD15 /* DoodleZip */,
			);
		};
/* End PBXProject section */

/* Begin PBXResourcesBuildPhase section */
		095AFB232D5C95F30078FD15 /* Resources */ = {
			isa = PBXResourcesBuildPhase;
			buildActionMask = 2147483647;
			files = (
				095AFB302D5C95F50078FD15 /* Preview Assets.xcassets in Resources */,
				095AFB2D2D5C95F50078FD15 /* Assets.xcassets in Resources */,
			);
			runOnlyForDeploymentPostprocessing = 0;
		};
/* End PBXResourcesBuildPhase section */

/* Begin PBXSourcesBuildPhase section */
		095AFB212D5C95F30078FD15 /* Sources */ = {
			isa = PBXSourcesBuildPhase;
			buildActionMask = 2147483647;
			files = (
				095AFBC52D65A9F80078FD15 /* RealmClient.swift in Sources */,
				095AFB2B2D5C95F30078FD15 /* ContentView.swift in Sources */,
				095AFB292D5C95F30078FD15 /* DoodleZipApp.swift in Sources */,
				095AFBBF2D65A94A0078FD15 /* Note.swift in Sources */,
			);
			runOnlyForDeploymentPostprocessing = 0;
		};
/* End PBXSourcesBuildPhase section */

/* Begin XCBuildConfiguration section */
		095AFB312D5C95F50078FD15 /* Debug */ = {
			isa = XCBuildConfiguration;
			buildSettings = {
				ALWAYS_SEARCH_USER_PATHS = NO;
				ASSETCATALOG_COMPILER_GENERATE_SWIFT_ASSET_SYMBOL_EXTENSIONS = YES;
				CLANG_ANALYZER_NONNULL = YES;
				CLANG_ANALYZER_NUMBER_OBJECT_CONVERSION = YES_AGGRESSIVE;
				CLANG_CXX_LANGUAGE_STANDARD = "gnu++20";
				CLANG_ENABLE_MODULES = YES;
				CLANG_ENABLE_OBJC_ARC = YES;
				CLANG_ENABLE_OBJC_WEAK = YES;
				CLANG_WARN_BLOCK_CAPTURE_AUTORELEASING = YES;
				CLANG_WARN_BOOL_CONVERSION = YES;
				CLANG_WARN_COMMA = YES;
				CLANG_WARN_CONSTANT_CONVERSION = YES;
				CLANG_WARN_DEPRECATED_OBJC_IMPLEMENTATIONS = YES;
				CLANG_WARN_DIRECT_OBJC_ISA_USAGE = YES_ERROR;
				CLANG_WARN_DOCUMENTATION_COMMENTS = YES;
				CLANG_WARN_EMPTY_BODY = YES;
				CLANG_WARN_ENUM_CONVERSION = YES;
				CLANG_WARN_INFINITE_RECURSION = YES;
				CLANG_WARN_INT_CONVERSION = YES;
				CLANG_WARN_NON_LITERAL_NULL_CONVERSION = YES;
				CLANG_WARN_OBJC_IMPLICIT_RETAIN_SELF = YES;
				CLANG_WARN_OBJC_LITERAL_CONVERSION = YES;
				CLANG_WARN_OBJC_ROOT_CLASS = YES_ERROR;
				CLANG_WARN_QUOTED_INCLUDE_IN_FRAMEWORK_HEADER = YES;
				CLANG_WARN_RANGE_LOOP_ANALYSIS = YES;
				CLANG_WARN_STRICT_PROTOTYPES = YES;
				CLANG_WARN_SUSPICIOUS_MOVE = YES;
				CLANG_WARN_UNGUARDED_AVAILABILITY = YES_AGGRESSIVE;
				CLANG_WARN_UNREACHABLE_CODE = YES;
				CLANG_WARN__DUPLICATE_METHOD_MATCH = YES;
				COPY_PHASE_STRIP = NO;
				DEBUG_INFORMATION_FORMAT = dwarf;
				ENABLE_STRICT_OBJC_MSGSEND = YES;
				ENABLE_TESTABILITY = YES;
				ENABLE_USER_SCRIPT_SANDBOXING = YES;
				GCC_C_LANGUAGE_STANDARD = gnu17;
				GCC_DYNAMIC_NO_PIC = NO;
				GCC_NO_COMMON_BLOCKS = YES;
				GCC_OPTIMIZATION_LEVEL = 0;
				GCC_PREPROCESSOR_DEFINITIONS = (
					"DEBUG=1",
					"$(inherited)",
				);
				GCC_WARN_64_TO_32_BIT_CONVERSION = YES;
				GCC_WARN_ABOUT_RETURN_TYPE = YES_ERROR;
				GCC_WARN_UNDECLARED_SELECTOR = YES;
				GCC_WARN_UNINITIALIZED_AUTOS = YES_AGGRESSIVE;
				GCC_WARN_UNUSED_FUNCTION = YES;
				GCC_WARN_UNUSED_VARIABLE = YES;
				IPHONEOS_DEPLOYMENT_TARGET = 17.2;
				LOCALIZATION_PREFERS_STRING_CATALOGS = YES;
				MTL_ENABLE_DEBUG_INFO = INCLUDE_SOURCE;
				MTL_FAST_MATH = YES;
				ONLY_ACTIVE_ARCH = YES;
				SDKROOT = iphoneos;
				SWIFT_ACTIVE_COMPILATION_CONDITIONS = "DEBUG $(inherited)";
				SWIFT_OPTIMIZATION_LEVEL = "-Onone";
			};
			name = Debug;
		};
		095AFB322D5C95F50078FD15 /* Release */ = {
			isa = XCBuildConfiguration;
			buildSettings = {
				ALWAYS_SEARCH_USER_PATHS = NO;
				ASSETCATALOG_COMPILER_GENERATE_SWIFT_ASSET_SYMBOL_EXTENSIONS = YES;
				CLANG_ANALYZER_NONNULL = YES;
				CLANG_ANALYZER_NUMBER_OBJECT_CONVERSION = YES_AGGRESSIVE;
				CLANG_CXX_LANGUAGE_STANDARD = "gnu++20";
				CLANG_ENABLE_MODULES = YES;
				CLANG_ENABLE_OBJC_ARC = YES;
				CLANG_ENABLE_OBJC_WEAK = YES;
				CLANG_WARN_BLOCK_CAPTURE_AUTORELEASING = YES;
				CLANG_WARN_BOOL_CONVERSION = YES;
				CLANG_WARN_COMMA = YES;
				CLANG_WARN_CONSTANT_CONVERSION = YES;
				CLANG_WARN_DEPRECATED_OBJC_IMPLEMENTATIONS = YES;
				CLANG_WARN_DIRECT_OBJC_ISA_USAGE = YES_ERROR;
				CLANG_WARN_DOCUMENTATION_COMMENTS = YES;
				CLANG_WARN_EMPTY_BODY = YES;
				CLANG_WARN_ENUM_CONVERSION = YES;
				CLANG_WARN_INFINITE_RECURSION = YES;
				CLANG_WARN_INT_CONVERSION = YES;
				CLANG_WARN_NON_LITERAL_NULL_CONVERSION = YES;
				CLANG_WARN_OBJC_IMPLICIT_RETAIN_SELF = YES;
				CLANG_WARN_OBJC_LITERAL_CONVERSION = YES;
				CLANG_WARN_OBJC_ROOT_CLASS = YES_ERROR;
				CLANG_WARN_QUOTED_INCLUDE_IN_FRAMEWORK_HEADER = YES;
				CLANG_WARN_RANGE_LOOP_ANALYSIS = YES;
				CLANG_WARN_STRICT_PROTOTYPES = YES;
				CLANG_WARN_SUSPICIOUS_MOVE = YES;
				CLANG_WARN_UNGUARDED_AVAILABILITY = YES_AGGRESSIVE;
				CLANG_WARN_UNREACHABLE_CODE = YES;
				CLANG_WARN__DUPLICATE_METHOD_MATCH = YES;
				COPY_PHASE_STRIP = NO;
				DEBUG_INFORMATION_FORMAT = "dwarf-with-dsym";
				ENABLE_NS_ASSERTIONS = NO;
				ENABLE_STRICT_OBJC_MSGSEND = YES;
				ENABLE_USER_SCRIPT_SANDBOXING = YES;
				GCC_C_LANGUAGE_STANDARD = gnu17;
				GCC_NO_COMMON_BLOCKS = YES;
				GCC_WARN_64_TO_32_BIT_CONVERSION = YES;
				GCC_WARN_ABOUT_RETURN_TYPE = YES_ERROR;
				GCC_WARN_UNDECLARED_SELECTOR = YES;
				GCC_WARN_UNINITIALIZED_AUTOS = YES_AGGRESSIVE;
				GCC_WARN_UNUSED_FUNCTION = YES;
				GCC_WARN_UNUSED_VARIABLE = YES;
				IPHONEOS_DEPLOYMENT_TARGET = 17.2;
				LOCALIZATION_PREFERS_STRING_CATALOGS = YES;
				MTL_ENABLE_DEBUG_INFO = NO;
				MTL_FAST_MATH = YES;
				SDKROOT = iphoneos;
				SWIFT_COMPILATION_MODE = wholemodule;
				VALIDATE_PRODUCT = YES;
			};
			name = Release;
		};
		095AFB342D5C95F50078FD15 /* Debug */ = {
			isa = XCBuildConfiguration;
			buildSettings = {
				ASSETCATALOG_COMPILER_APPICON_NAME = AppIcon;
				ASSETCATALOG_COMPILER_GLOBAL_ACCENT_COLOR_NAME = AccentColor;
				CODE_SIGN_STYLE = Automatic;
				CURRENT_PROJECT_VERSION = 1;
				DEVELOPMENT_ASSET_PATHS = "\"DoodleZip/Preview Content\"";
				DEVELOPMENT_TEAM = NLBNZ4T579;
				ENABLE_PREVIEWS = YES;
				GENERATE_INFOPLIST_FILE = YES;
				INFOPLIST_KEY_UIApplicationSceneManifest_Generation = YES;
				INFOPLIST_KEY_UIApplicationSupportsIndirectInputEvents = YES;
				INFOPLIST_KEY_UILaunchScreen_Generation = YES;
				INFOPLIST_KEY_UISupportedInterfaceOrientations_iPad = "UIInterfaceOrientationPortrait UIInterfaceOrientationPortraitUpsideDown UIInterfaceOrientationLandscapeLeft UIInterfaceOrientationLandscapeRight";
				INFOPLIST_KEY_UISupportedInterfaceOrientations_iPhone = "UIInterfaceOrientationPortrait UIInterfaceOrientationLandscapeLeft UIInterfaceOrientationLandscapeRight";
				LD_RUNPATH_SEARCH_PATHS = (
					"$(inherited)",
					"@executable_path/Frameworks",
				);
				MARKETING_VERSION = 1.0;
				PRODUCT_BUNDLE_IDENTIFIER = com.j.DoodleZip;
				PRODUCT_NAME = "$(TARGET_NAME)";
				SWIFT_EMIT_LOC_STRINGS = YES;
				SWIFT_VERSION = 5.0;
				TARGETED_DEVICE_FAMILY = "1,2";
			};
			name = Debug;
		};
		095AFB352D5C95F50078FD15 /* Release */ = {
			isa = XCBuildConfiguration;
			buildSettings = {
				ASSETCATALOG_COMPILER_APPICON_NAME = AppIcon;
				ASSETCATALOG_COMPILER_GLOBAL_ACCENT_COLOR_NAME = AccentColor;
				CODE_SIGN_STYLE = Automatic;
				CURRENT_PROJECT_VERSION = 1;
				DEVELOPMENT_ASSET_PATHS = "\"DoodleZip/Preview Content\"";
				DEVELOPMENT_TEAM = NLBNZ4T579;
				ENABLE_PREVIEWS = YES;
				GENERATE_INFOPLIST_FILE = YES;
				INFOPLIST_KEY_UIApplicationSceneManifest_Generation = YES;
				INFOPLIST_KEY_UIApplicationSupportsIndirectInputEvents = YES;
				INFOPLIST_KEY_UILaunchScreen_Generation = YES;
				INFOPLIST_KEY_UISupportedInterfaceOrientations_iPad = "UIInterfaceOrientationPortrait UIInterfaceOrientationPortraitUpsideDown UIInterfaceOrientationLandscapeLeft UIInterfaceOrientationLandscapeRight";
				INFOPLIST_KEY_UISupportedInterfaceOrientations_iPhone = "UIInterfaceOrientationPortrait UIInterfaceOrientationLandscapeLeft UIInterfaceOrientationLandscapeRight";
				LD_RUNPATH_SEARCH_PATHS = (
					"$(inherited)",
					"@executable_path/Frameworks",
				);
				MARKETING_VERSION = 1.0;
				PRODUCT_BUNDLE_IDENTIFIER = com.j.DoodleZip;
				PRODUCT_NAME = "$(TARGET_NAME)";
				SWIFT_EMIT_LOC_STRINGS = YES;
				SWIFT_VERSION = 5.0;
				TARGETED_DEVICE_FAMILY = "1,2";
			};
			name = Release;
		};
/* End XCBuildConfiguration section */

/* Begin XCConfigurationList section */
		095AFB202D5C95F30078FD15 /* Build configuration list for PBXProject "DoodleZip" */ = {
			isa = XCConfigurationList;
			buildConfigurations = (
				095AFB312D5C95F50078FD15 /* Debug */,
				095AFB322D5C95F50078FD15 /* Release */,
			);
			defaultConfigurationIsVisible = 0;
			defaultConfigurationName = Release;
		};
		095AFB332D5C95F50078FD15 /* Build configuration list for PBXNativeTarget "DoodleZip" */ = {
			isa = XCConfigurationList;
			buildConfigurations = (
				095AFB342D5C95F50078FD15 /* Debug */,
				095AFB352D5C95F50078FD15 /* Release */,
			);
			defaultConfigurationIsVisible = 0;
			defaultConfigurationName = Release;
		};
/* End XCConfigurationList section */

/* Begin XCRemoteSwiftPackageReference section */
		095AFBB22D65A7A20078FD15 /* XCRemoteSwiftPackageReference "swift-composable-architecture" */ = {
			isa = XCRemoteSwiftPackageReference;
			repositoryURL = "https://github.com/pointfreeco/swift-composable-architecture.git";
			requirement = {
				kind = upToNextMajorVersion;
				minimumVersion = 1.17.1;
			};
		};
		095AFBB52D65A7C60078FD15 /* XCRemoteSwiftPackageReference "realm-swift" */ = {
			isa = XCRemoteSwiftPackageReference;
			repositoryURL = "https://github.com/realm/realm-swift.git";
			requirement = {
				kind = exactVersion;
				version = 10.47.0;
			};
		};
/* End XCRemoteSwiftPackageReference section */

/* Begin XCSwiftPackageProductDependency section */
		095AFBB32D65A7A20078FD15 /* ComposableArchitecture */ = {
			isa = XCSwiftPackageProductDependency;
			package = 095AFBB22D65A7A20078FD15 /* XCRemoteSwiftPackageReference "swift-composable-architecture" */;
			productName = ComposableArchitecture;
		};
		095AFBB62D65A7C60078FD15 /* Realm */ = {
			isa = XCSwiftPackageProductDependency;
			package = 095AFBB52D65A7C60078FD15 /* XCRemoteSwiftPackageReference "realm-swift" */;
			productName = Realm;
		};
		095AFBB82D65A7C60078FD15 /* RealmSwift */ = {
			isa = XCSwiftPackageProductDependency;
			package = 095AFBB52D65A7C60078FD15 /* XCRemoteSwiftPackageReference "realm-swift" */;
			productName = RealmSwift;
		};
/* End XCSwiftPackageProductDependency section */
	};
	rootObject = 095AFB1D2D5C95F30078FD15 /* Project object */;
}
